// !$*UTF8*$!
{
	archiveVersion = 1;
	classes = {
	};
	objectVersion = 55;
	objects = {

/* Begin PBXBuildFile section */
		7302DA3527716A5A00F6EF78 /* PodcastOverviewView.swift in Sources */ = {isa = PBXBuildFile; fileRef = 7302DA3427716A5A00F6EF78 /* PodcastOverviewView.swift */; };
		730AB83A277A7809006C2BAC /* DemtOrgData.swift in Sources */ = {isa = PBXBuildFile; fileRef = 730AB839277A7809006C2BAC /* DemtOrgData.swift */; };
		731898E92776C9500073AC67 /* MainBottomTabBar.swift in Sources */ = {isa = PBXBuildFile; fileRef = 731898E82776C9500073AC67 /* MainBottomTabBar.swift */; };
		73218A7C277D21950024BD1A /* TeamViewDetailOverlay.swift in Sources */ = {isa = PBXBuildFile; fileRef = 73218A7B277D21950024BD1A /* TeamViewDetailOverlay.swift */; };
		732F40A5276AC97200E2B0D8 /* Video.swift in Sources */ = {isa = PBXBuildFile; fileRef = 732F40A4276AC97200E2B0D8 /* Video.swift */; };
		732F40A7276ACF0E00E2B0D8 /* VideoListView.swift in Sources */ = {isa = PBXBuildFile; fileRef = 732F40A6276ACF0E00E2B0D8 /* VideoListView.swift */; };
		7348A4CD2770A3BD00F4C62B /* PodcastsView.swift in Sources */ = {isa = PBXBuildFile; fileRef = 7348A4CC2770A3BD00F4C62B /* PodcastsView.swift */; };
		7348D3B72756C29800EA5982 /* Disaster_Environmental_Management_TrustApp.swift in Sources */ = {isa = PBXBuildFile; fileRef = 7348D3B62756C29800EA5982 /* Disaster_Environmental_Management_TrustApp.swift */; };
		7348D3B92756C29800EA5982 /* ContentView.swift in Sources */ = {isa = PBXBuildFile; fileRef = 7348D3B82756C29800EA5982 /* ContentView.swift */; };
		7348D3BB2756C29900EA5982 /* Assets.xcassets in Resources */ = {isa = PBXBuildFile; fileRef = 7348D3BA2756C29900EA5982 /* Assets.xcassets */; };
		7348D3BE2756C29900EA5982 /* Preview Assets.xcassets in Resources */ = {isa = PBXBuildFile; fileRef = 7348D3BD2756C29900EA5982 /* Preview Assets.xcassets */; };
		73586BC52767466B0035417D /* CurvedTabView.swift in Sources */ = {isa = PBXBuildFile; fileRef = 73586BC42767466B0035417D /* CurvedTabView.swift */; };
		735937F72775FACC00F6CCC0 /* RaisedButton.swift in Sources */ = {isa = PBXBuildFile; fileRef = 735937F62775FACC00F6CCC0 /* RaisedButton.swift */; };
		735937F92775FCB000F6CCC0 /* EmbossedButton.swift in Sources */ = {isa = PBXBuildFile; fileRef = 735937F82775FCB000F6CCC0 /* EmbossedButton.swift */; };
		73666B43277BD672009198A6 /* TeamView.swift in Sources */ = {isa = PBXBuildFile; fileRef = 73666B42277BD672009198A6 /* TeamView.swift */; };
		736E92D62773D8A4007B01A4 /* PodcastsNavigation.swift in Sources */ = {isa = PBXBuildFile; fileRef = 736E92D52773D8A4007B01A4 /* PodcastsNavigation.swift */; };
		7375B1C5276E897C00F87B78 /* PageControl.swift in Sources */ = {isa = PBXBuildFile; fileRef = 7375B1C4276E897C00F87B78 /* PageControl.swift */; };
		7375B1CA276EAB1F00F87B78 /* CategoryHome.swift in Sources */ = {isa = PBXBuildFile; fileRef = 7375B1C7276EAB1F00F87B78 /* CategoryHome.swift */; };
		7375B1CB276EAB1F00F87B78 /* CategoryRow.swift in Sources */ = {isa = PBXBuildFile; fileRef = 7375B1C8276EAB1F00F87B78 /* CategoryRow.swift */; };
		7375B1CC276EAB1F00F87B78 /* CategoryItem.swift in Sources */ = {isa = PBXBuildFile; fileRef = 7375B1C9276EAB1F00F87B78 /* CategoryItem.swift */; };
		7375B1D6276EB2DF00F87B78 /* BadgeBackground.swift in Sources */ = {isa = PBXBuildFile; fileRef = 7375B1D0276EB2DF00F87B78 /* BadgeBackground.swift */; };
		7375B1D7276EB2DF00F87B78 /* RotatedBadgeSymbol.swift in Sources */ = {isa = PBXBuildFile; fileRef = 7375B1D1276EB2DF00F87B78 /* RotatedBadgeSymbol.swift */; };
		7375B1D8276EB2DF00F87B78 /* Badge.swift in Sources */ = {isa = PBXBuildFile; fileRef = 7375B1D2276EB2DF00F87B78 /* Badge.swift */; };
		7375B1D9276EB2DF00F87B78 /* HikeBadge.swift in Sources */ = {isa = PBXBuildFile; fileRef = 7375B1D3276EB2DF00F87B78 /* HikeBadge.swift */; };
		7375B1DA276EB2DF00F87B78 /* BadgeSymbol.swift in Sources */ = {isa = PBXBuildFile; fileRef = 7375B1D4276EB2DF00F87B78 /* BadgeSymbol.swift */; };
		7375B1DB276EB2DF00F87B78 /* HexagonParameters.swift in Sources */ = {isa = PBXBuildFile; fileRef = 7375B1D5276EB2DF00F87B78 /* HexagonParameters.swift */; };
		7375B1E0276EB31800F87B78 /* MapView.swift in Sources */ = {isa = PBXBuildFile; fileRef = 7375B1DD276EB31700F87B78 /* MapView.swift */; };
		7375B1E1276EB31800F87B78 /* CircleImage.swift in Sources */ = {isa = PBXBuildFile; fileRef = 7375B1DE276EB31700F87B78 /* CircleImage.swift */; };
		7375B1E2276EB31800F87B78 /* FavoriteButton.swift in Sources */ = {isa = PBXBuildFile; fileRef = 7375B1DF276EB31800F87B78 /* FavoriteButton.swift */; };
		7375B1E8276EB35200F87B78 /* HikeView.swift in Sources */ = {isa = PBXBuildFile; fileRef = 7375B1E4276EB35200F87B78 /* HikeView.swift */; };
		7375B1E9276EB35200F87B78 /* HikeDetail.swift in Sources */ = {isa = PBXBuildFile; fileRef = 7375B1E5276EB35200F87B78 /* HikeDetail.swift */; };
		7375B1EA276EB35200F87B78 /* HikeGraph.swift in Sources */ = {isa = PBXBuildFile; fileRef = 7375B1E6276EB35200F87B78 /* HikeGraph.swift */; };
		7375B1EB276EB35200F87B78 /* GraphCapsule.swift in Sources */ = {isa = PBXBuildFile; fileRef = 7375B1E7276EB35200F87B78 /* GraphCapsule.swift */; };
		7375B1F1276EB40300F87B78 /* LandmarkDetail.swift in Sources */ = {isa = PBXBuildFile; fileRef = 7375B1EE276EB40300F87B78 /* LandmarkDetail.swift */; };
		7375B1F2276EB40300F87B78 /* LandmarkRow.swift in Sources */ = {isa = PBXBuildFile; fileRef = 7375B1EF276EB40300F87B78 /* LandmarkRow.swift */; };
		7375B1F3276EB40300F87B78 /* LandmarkList.swift in Sources */ = {isa = PBXBuildFile; fileRef = 7375B1F0276EB40300F87B78 /* LandmarkList.swift */; };
		7375B1F8276EB71200F87B78 /* ProfileEditor.swift in Sources */ = {isa = PBXBuildFile; fileRef = 7375B1F5276EB71100F87B78 /* ProfileEditor.swift */; };
		7375B1F9276EB71200F87B78 /* ProfileHost.swift in Sources */ = {isa = PBXBuildFile; fileRef = 7375B1F6276EB71100F87B78 /* ProfileHost.swift */; };
		7375B1FA276EB71200F87B78 /* ProfileSummary.swift in Sources */ = {isa = PBXBuildFile; fileRef = 7375B1F7276EB71100F87B78 /* ProfileSummary.swift */; };
		737E028E27641DAF006E1C6C /* MainGradientBackground.swift in Sources */ = {isa = PBXBuildFile; fileRef = 737E028D27641DAF006E1C6C /* MainGradientBackground.swift */; };
		737E0290276428AA006E1C6C /* LandingView.swift in Sources */ = {isa = PBXBuildFile; fileRef = 737E028F276428AA006E1C6C /* LandingView.swift */; };
		7381FD822778C92900C8C3A7 /* StepperView in Frameworks */ = {isa = PBXBuildFile; productRef = 7381FD812778C92900C8C3A7 /* StepperView */; };
		7381FD842778CCCB00C8C3A7 /* AboutUs.swift in Sources */ = {isa = PBXBuildFile; fileRef = 7381FD832778CCCB00C8C3A7 /* AboutUs.swift */; };
		7382727A277810B0001ED26C /* Podcast.swift in Sources */ = {isa = PBXBuildFile; fileRef = 73827279277810B0001ED26C /* Podcast.swift */; };
		7382727D277815B6001ED26C /* PodcastDetail.swift in Sources */ = {isa = PBXBuildFile; fileRef = 7382727C277815B6001ED26C /* PodcastDetail.swift */; };
		7382727F27781B52001ED26C /* PodcastList.swift in Sources */ = {isa = PBXBuildFile; fileRef = 7382727E27781B52001ED26C /* PodcastList.swift */; };
		7382728127781CD7001ED26C /* PodcastRow.swift in Sources */ = {isa = PBXBuildFile; fileRef = 7382728027781CD7001ED26C /* PodcastRow.swift */; };
		7388727E276D78DF001CB8F6 /* PageView.swift in Sources */ = {isa = PBXBuildFile; fileRef = 7388727D276D78DF001CB8F6 /* PageView.swift */; };
		73887286276D7AE9001CB8F6 /* hikeData.json in Resources */ = {isa = PBXBuildFile; fileRef = 73887284276D7AE9001CB8F6 /* hikeData.json */; };
		73887287276D7AE9001CB8F6 /* landmarkData.json in Resources */ = {isa = PBXBuildFile; fileRef = 73887285276D7AE9001CB8F6 /* landmarkData.json */; };
		7388A4B52772068100E10966 /* ContainerView.swift in Sources */ = {isa = PBXBuildFile; fileRef = 7388A4B42772068100E10966 /* ContainerView.swift */; };
		739DB50B276768BF00F1D939 /* ExtensionOnView.swift in Sources */ = {isa = PBXBuildFile; fileRef = 739DB50A276768BF00F1D939 /* ExtensionOnView.swift */; };
		739DB50D2767813100F1D939 /* GeneralGradient.swift in Sources */ = {isa = PBXBuildFile; fileRef = 739DB50C2767813100F1D939 /* GeneralGradient.swift */; };
		739DD91C276D196E00F1740E /* PageViewController.swift in Sources */ = {isa = PBXBuildFile; fileRef = 739DD91B276D196E00F1740E /* PageViewController.swift */; };
		73A303D0276B94D300855185 /* VideoDetailView.swift in Sources */ = {isa = PBXBuildFile; fileRef = 73A303CF276B94D300855185 /* VideoDetailView.swift */; };
		73B7E148276D5A1C0042F307 /* Landmark.swift in Sources */ = {isa = PBXBuildFile; fileRef = 73B7E147276D5A1C0042F307 /* Landmark.swift */; };
		73B7E14C276D66410042F307 /* FeatureCard.swift in Sources */ = {isa = PBXBuildFile; fileRef = 73B7E14B276D66410042F307 /* FeatureCard.swift */; };
		73B7E14E276D67810042F307 /* ModelData.swift in Sources */ = {isa = PBXBuildFile; fileRef = 73B7E14D276D67810042F307 /* ModelData.swift */; };
		73B7E150276D68A20042F307 /* Hike.swift in Sources */ = {isa = PBXBuildFile; fileRef = 73B7E14F276D68A20042F307 /* Hike.swift */; };
		73B7E152276D68C90042F307 /* Profile.swift in Sources */ = {isa = PBXBuildFile; fileRef = 73B7E151276D68C90042F307 /* Profile.swift */; };
		73E23DFE27780A7D00DEEDA4 /* podcastData.json in Resources */ = {isa = PBXBuildFile; fileRef = 73E23DFD27780A7D00DEEDA4 /* podcastData.json */; };
		73EF265F2768B24B00BAFED2 /* LandingImages.swift in Sources */ = {isa = PBXBuildFile; fileRef = 73EF265E2768B24B00BAFED2 /* LandingImages.swift */; };
		73EF26612768B32C00BAFED2 /* ExtensionOnImage.swift in Sources */ = {isa = PBXBuildFile; fileRef = 73EF26602768B32C00BAFED2 /* ExtensionOnImage.swift */; };
		73EF26642768BEC900BAFED2 /* Liquid in Frameworks */ = {isa = PBXBuildFile; productRef = 73EF26632768BEC900BAFED2 /* Liquid */; };
		73FCE7FE2757A0D500708A19 /* CustomTabBarItem.swift in Sources */ = {isa = PBXBuildFile; fileRef = 73FCE7FD2757A0D500708A19 /* CustomTabBarItem.swift */; };
/* End PBXBuildFile section */

/* Begin PBXFileReference section */
		7302DA3427716A5A00F6EF78 /* PodcastOverviewView.swift */ = {isa = PBXFileReference; lastKnownFileType = sourcecode.swift; path = PodcastOverviewView.swift; sourceTree = "<group>"; };
		730AB839277A7809006C2BAC /* DemtOrgData.swift */ = {isa = PBXFileReference; lastKnownFileType = sourcecode.swift; path = DemtOrgData.swift; sourceTree = "<group>"; };
		731898E82776C9500073AC67 /* MainBottomTabBar.swift */ = {isa = PBXFileReference; lastKnownFileType = sourcecode.swift; path = MainBottomTabBar.swift; sourceTree = "<group>"; };
		73218A7B277D21950024BD1A /* TeamViewDetailOverlay.swift */ = {isa = PBXFileReference; lastKnownFileType = sourcecode.swift; path = TeamViewDetailOverlay.swift; sourceTree = "<group>"; };
		732F40A4276AC97200E2B0D8 /* Video.swift */ = {isa = PBXFileReference; lastKnownFileType = sourcecode.swift; path = Video.swift; sourceTree = "<group>"; };
		732F40A6276ACF0E00E2B0D8 /* VideoListView.swift */ = {isa = PBXFileReference; lastKnownFileType = sourcecode.swift; path = VideoListView.swift; sourceTree = "<group>"; };
		7348A4CC2770A3BD00F4C62B /* PodcastsView.swift */ = {isa = PBXFileReference; lastKnownFileType = sourcecode.swift; path = PodcastsView.swift; sourceTree = "<group>"; };
		7348D3B32756C29800EA5982 /* Disaster Environmental Management Trust.app */ = {isa = PBXFileReference; explicitFileType = wrapper.application; includeInIndex = 0; path = "Disaster Environmental Management Trust.app"; sourceTree = BUILT_PRODUCTS_DIR; };
		7348D3B62756C29800EA5982 /* Disaster_Environmental_Management_TrustApp.swift */ = {isa = PBXFileReference; lastKnownFileType = sourcecode.swift; path = Disaster_Environmental_Management_TrustApp.swift; sourceTree = "<group>"; };
		7348D3B82756C29800EA5982 /* ContentView.swift */ = {isa = PBXFileReference; lastKnownFileType = sourcecode.swift; path = ContentView.swift; sourceTree = "<group>"; };
		7348D3BA2756C29900EA5982 /* Assets.xcassets */ = {isa = PBXFileReference; lastKnownFileType = folder.assetcatalog; path = Assets.xcassets; sourceTree = "<group>"; };
		7348D3BD2756C29900EA5982 /* Preview Assets.xcassets */ = {isa = PBXFileReference; lastKnownFileType = folder.assetcatalog; path = "Preview Assets.xcassets"; sourceTree = "<group>"; };
		73586BC42767466B0035417D /* CurvedTabView.swift */ = {isa = PBXFileReference; lastKnownFileType = sourcecode.swift; path = CurvedTabView.swift; sourceTree = "<group>"; };
		735937F62775FACC00F6CCC0 /* RaisedButton.swift */ = {isa = PBXFileReference; lastKnownFileType = sourcecode.swift; path = RaisedButton.swift; sourceTree = "<group>"; };
		735937F82775FCB000F6CCC0 /* EmbossedButton.swift */ = {isa = PBXFileReference; lastKnownFileType = sourcecode.swift; path = EmbossedButton.swift; sourceTree = "<group>"; };
		73666B42277BD672009198A6 /* TeamView.swift */ = {isa = PBXFileReference; lastKnownFileType = sourcecode.swift; path = TeamView.swift; sourceTree = "<group>"; };
		736E92D52773D8A4007B01A4 /* PodcastsNavigation.swift */ = {isa = PBXFileReference; lastKnownFileType = sourcecode.swift; path = PodcastsNavigation.swift; sourceTree = "<group>"; };
		7375B1C4276E897C00F87B78 /* PageControl.swift */ = {isa = PBXFileReference; lastKnownFileType = sourcecode.swift; path = PageControl.swift; sourceTree = "<group>"; };
		7375B1C7276EAB1F00F87B78 /* CategoryHome.swift */ = {isa = PBXFileReference; fileEncoding = 4; lastKnownFileType = sourcecode.swift; path = CategoryHome.swift; sourceTree = "<group>"; };
		7375B1C8276EAB1F00F87B78 /* CategoryRow.swift */ = {isa = PBXFileReference; fileEncoding = 4; lastKnownFileType = sourcecode.swift; path = CategoryRow.swift; sourceTree = "<group>"; };
		7375B1C9276EAB1F00F87B78 /* CategoryItem.swift */ = {isa = PBXFileReference; fileEncoding = 4; lastKnownFileType = sourcecode.swift; path = CategoryItem.swift; sourceTree = "<group>"; };
		7375B1D0276EB2DF00F87B78 /* BadgeBackground.swift */ = {isa = PBXFileReference; fileEncoding = 4; lastKnownFileType = sourcecode.swift; path = BadgeBackground.swift; sourceTree = "<group>"; };
		7375B1D1276EB2DF00F87B78 /* RotatedBadgeSymbol.swift */ = {isa = PBXFileReference; fileEncoding = 4; lastKnownFileType = sourcecode.swift; path = RotatedBadgeSymbol.swift; sourceTree = "<group>"; };
		7375B1D2276EB2DF00F87B78 /* Badge.swift */ = {isa = PBXFileReference; fileEncoding = 4; lastKnownFileType = sourcecode.swift; path = Badge.swift; sourceTree = "<group>"; };
		7375B1D3276EB2DF00F87B78 /* HikeBadge.swift */ = {isa = PBXFileReference; fileEncoding = 4; lastKnownFileType = sourcecode.swift; path = HikeBadge.swift; sourceTree = "<group>"; };
		7375B1D4276EB2DF00F87B78 /* BadgeSymbol.swift */ = {isa = PBXFileReference; fileEncoding = 4; lastKnownFileType = sourcecode.swift; path = BadgeSymbol.swift; sourceTree = "<group>"; };
		7375B1D5276EB2DF00F87B78 /* HexagonParameters.swift */ = {isa = PBXFileReference; fileEncoding = 4; lastKnownFileType = sourcecode.swift; path = HexagonParameters.swift; sourceTree = "<group>"; };
		7375B1DD276EB31700F87B78 /* MapView.swift */ = {isa = PBXFileReference; fileEncoding = 4; lastKnownFileType = sourcecode.swift; path = MapView.swift; sourceTree = "<group>"; };
		7375B1DE276EB31700F87B78 /* CircleImage.swift */ = {isa = PBXFileReference; fileEncoding = 4; lastKnownFileType = sourcecode.swift; path = CircleImage.swift; sourceTree = "<group>"; };
		7375B1DF276EB31800F87B78 /* FavoriteButton.swift */ = {isa = PBXFileReference; fileEncoding = 4; lastKnownFileType = sourcecode.swift; path = FavoriteButton.swift; sourceTree = "<group>"; };
		7375B1E4276EB35200F87B78 /* HikeView.swift */ = {isa = PBXFileReference; fileEncoding = 4; lastKnownFileType = sourcecode.swift; path = HikeView.swift; sourceTree = "<group>"; };
		7375B1E5276EB35200F87B78 /* HikeDetail.swift */ = {isa = PBXFileReference; fileEncoding = 4; lastKnownFileType = sourcecode.swift; path = HikeDetail.swift; sourceTree = "<group>"; };
		7375B1E6276EB35200F87B78 /* HikeGraph.swift */ = {isa = PBXFileReference; fileEncoding = 4; lastKnownFileType = sourcecode.swift; path = HikeGraph.swift; sourceTree = "<group>"; };
		7375B1E7276EB35200F87B78 /* GraphCapsule.swift */ = {isa = PBXFileReference; fileEncoding = 4; lastKnownFileType = sourcecode.swift; path = GraphCapsule.swift; sourceTree = "<group>"; };
		7375B1EE276EB40300F87B78 /* LandmarkDetail.swift */ = {isa = PBXFileReference; fileEncoding = 4; lastKnownFileType = sourcecode.swift; path = LandmarkDetail.swift; sourceTree = "<group>"; };
		7375B1EF276EB40300F87B78 /* LandmarkRow.swift */ = {isa = PBXFileReference; fileEncoding = 4; lastKnownFileType = sourcecode.swift; path = LandmarkRow.swift; sourceTree = "<group>"; };
		7375B1F0276EB40300F87B78 /* LandmarkList.swift */ = {isa = PBXFileReference; fileEncoding = 4; lastKnownFileType = sourcecode.swift; path = LandmarkList.swift; sourceTree = "<group>"; };
		7375B1F5276EB71100F87B78 /* ProfileEditor.swift */ = {isa = PBXFileReference; fileEncoding = 4; lastKnownFileType = sourcecode.swift; path = ProfileEditor.swift; sourceTree = "<group>"; };
		7375B1F6276EB71100F87B78 /* ProfileHost.swift */ = {isa = PBXFileReference; fileEncoding = 4; lastKnownFileType = sourcecode.swift; path = ProfileHost.swift; sourceTree = "<group>"; };
		7375B1F7276EB71100F87B78 /* ProfileSummary.swift */ = {isa = PBXFileReference; fileEncoding = 4; lastKnownFileType = sourcecode.swift; path = ProfileSummary.swift; sourceTree = "<group>"; };
		737E028D27641DAF006E1C6C /* MainGradientBackground.swift */ = {isa = PBXFileReference; fileEncoding = 4; lastKnownFileType = sourcecode.swift; path = MainGradientBackground.swift; sourceTree = "<group>"; };
		737E028F276428AA006E1C6C /* LandingView.swift */ = {isa = PBXFileReference; lastKnownFileType = sourcecode.swift; path = LandingView.swift; sourceTree = "<group>"; };
		7381FD832778CCCB00C8C3A7 /* AboutUs.swift */ = {isa = PBXFileReference; lastKnownFileType = sourcecode.swift; path = AboutUs.swift; sourceTree = "<group>"; };
		73827279277810B0001ED26C /* Podcast.swift */ = {isa = PBXFileReference; lastKnownFileType = sourcecode.swift; path = Podcast.swift; sourceTree = "<group>"; };
		7382727C277815B6001ED26C /* PodcastDetail.swift */ = {isa = PBXFileReference; lastKnownFileType = sourcecode.swift; path = PodcastDetail.swift; sourceTree = "<group>"; };
		7382727E27781B52001ED26C /* PodcastList.swift */ = {isa = PBXFileReference; lastKnownFileType = sourcecode.swift; path = PodcastList.swift; sourceTree = "<group>"; };
		7382728027781CD7001ED26C /* PodcastRow.swift */ = {isa = PBXFileReference; lastKnownFileType = sourcecode.swift; path = PodcastRow.swift; sourceTree = "<group>"; };
		7388727D276D78DF001CB8F6 /* PageView.swift */ = {isa = PBXFileReference; lastKnownFileType = sourcecode.swift; path = PageView.swift; sourceTree = "<group>"; };
		73887284276D7AE9001CB8F6 /* hikeData.json */ = {isa = PBXFileReference; fileEncoding = 4; lastKnownFileType = text.json; path = hikeData.json; sourceTree = "<group>"; };
		73887285276D7AE9001CB8F6 /* landmarkData.json */ = {isa = PBXFileReference; fileEncoding = 4; lastKnownFileType = text.json; path = landmarkData.json; sourceTree = "<group>"; };
		7388A4B42772068100E10966 /* ContainerView.swift */ = {isa = PBXFileReference; lastKnownFileType = sourcecode.swift; path = ContainerView.swift; sourceTree = "<group>"; };
		739DB50A276768BF00F1D939 /* ExtensionOnView.swift */ = {isa = PBXFileReference; lastKnownFileType = sourcecode.swift; path = ExtensionOnView.swift; sourceTree = "<group>"; };
		739DB50C2767813100F1D939 /* GeneralGradient.swift */ = {isa = PBXFileReference; lastKnownFileType = sourcecode.swift; path = GeneralGradient.swift; sourceTree = "<group>"; };
		739DD91B276D196E00F1740E /* PageViewController.swift */ = {isa = PBXFileReference; lastKnownFileType = sourcecode.swift; path = PageViewController.swift; sourceTree = "<group>"; };
		73A303CF276B94D300855185 /* VideoDetailView.swift */ = {isa = PBXFileReference; lastKnownFileType = sourcecode.swift; path = VideoDetailView.swift; sourceTree = "<group>"; };
		73B7E147276D5A1C0042F307 /* Landmark.swift */ = {isa = PBXFileReference; fileEncoding = 4; lastKnownFileType = sourcecode.swift; path = Landmark.swift; sourceTree = "<group>"; };
		73B7E14B276D66410042F307 /* FeatureCard.swift */ = {isa = PBXFileReference; lastKnownFileType = sourcecode.swift; path = FeatureCard.swift; sourceTree = "<group>"; };
		73B7E14D276D67810042F307 /* ModelData.swift */ = {isa = PBXFileReference; fileEncoding = 4; lastKnownFileType = sourcecode.swift; path = ModelData.swift; sourceTree = "<group>"; };
		73B7E14F276D68A20042F307 /* Hike.swift */ = {isa = PBXFileReference; fileEncoding = 4; lastKnownFileType = sourcecode.swift; path = Hike.swift; sourceTree = "<group>"; };
		73B7E151276D68C90042F307 /* Profile.swift */ = {isa = PBXFileReference; fileEncoding = 4; lastKnownFileType = sourcecode.swift; path = Profile.swift; sourceTree = "<group>"; };
		73E23DFD27780A7D00DEEDA4 /* podcastData.json */ = {isa = PBXFileReference; fileEncoding = 4; lastKnownFileType = text.json; path = podcastData.json; sourceTree = "<group>"; };
		73EF265E2768B24B00BAFED2 /* LandingImages.swift */ = {isa = PBXFileReference; lastKnownFileType = sourcecode.swift; path = LandingImages.swift; sourceTree = "<group>"; };
		73EF26602768B32C00BAFED2 /* ExtensionOnImage.swift */ = {isa = PBXFileReference; lastKnownFileType = sourcecode.swift; path = ExtensionOnImage.swift; sourceTree = "<group>"; };
		73FCE7FD2757A0D500708A19 /* CustomTabBarItem.swift */ = {isa = PBXFileReference; lastKnownFileType = sourcecode.swift; path = CustomTabBarItem.swift; sourceTree = "<group>"; };
/* End PBXFileReference section */

/* Begin PBXFrameworksBuildPhase section */
		7348D3B02756C29800EA5982 /* Frameworks */ = {
			isa = PBXFrameworksBuildPhase;
			buildActionMask = 2147483647;
			files = (
				73EF26642768BEC900BAFED2 /* Liquid in Frameworks */,
				7381FD822778C92900C8C3A7 /* StepperView in Frameworks */,
			);
			runOnlyForDeploymentPostprocessing = 0;
		};
/* End PBXFrameworksBuildPhase section */

/* Begin PBXGroup section */
		732F40A3276AC92300E2B0D8 /* Model */ = {
			isa = PBXGroup;
			children = (
				73B7E151276D68C90042F307 /* Profile.swift */,
				73B7E14F276D68A20042F307 /* Hike.swift */,
				73B7E14D276D67810042F307 /* ModelData.swift */,
				73B7E147276D5A1C0042F307 /* Landmark.swift */,
				732F40A4276AC97200E2B0D8 /* Video.swift */,
				73827279277810B0001ED26C /* Podcast.swift */,
				730AB839277A7809006C2BAC /* DemtOrgData.swift */,
			);
			path = Model;
			sourceTree = "<group>";
		};
		7348D3AA2756C29800EA5982 = {
			isa = PBXGroup;
			children = (
				7348D3B52756C29800EA5982 /* Disaster Environmental Management Trust */,
				7348D3B42756C29800EA5982 /* Products */,
			);
			sourceTree = "<group>";
		};
		7348D3B42756C29800EA5982 /* Products */ = {
			isa = PBXGroup;
			children = (
				7348D3B32756C29800EA5982 /* Disaster Environmental Management Trust.app */,
			);
			name = Products;
			sourceTree = "<group>";
		};
		7348D3B52756C29800EA5982 /* Disaster Environmental Management Trust */ = {
			isa = PBXGroup;
			children = (
				7348D3B62756C29800EA5982 /* Disaster_Environmental_Management_TrustApp.swift */,
				7348D3B82756C29800EA5982 /* ContentView.swift */,
				7388727F276D7A9C001CB8F6 /* Resources */,
				732F40A3276AC92300E2B0D8 /* Model */,
				737E02892764198D006E1C6C /* Views */,
				7348D3BA2756C29900EA5982 /* Assets.xcassets */,
				7348D3BC2756C29900EA5982 /* Preview Content */,
			);
			path = "Disaster Environmental Management Trust";
			sourceTree = "<group>";
		};
		7348D3BC2756C29900EA5982 /* Preview Content */ = {
			isa = PBXGroup;
			children = (
				7348D3BD2756C29900EA5982 /* Preview Assets.xcassets */,
			);
			path = "Preview Content";
			sourceTree = "<group>";
		};
		7375B1C6276EAAF500F87B78 /* Categories */ = {
			isa = PBXGroup;
			children = (
				7375B1C7276EAB1F00F87B78 /* CategoryHome.swift */,
				7375B1C9276EAB1F00F87B78 /* CategoryItem.swift */,
				7375B1C8276EAB1F00F87B78 /* CategoryRow.swift */,
			);
			path = Categories;
			sourceTree = "<group>";
		};
		7375B1CF276EB2BE00F87B78 /* Badges */ = {
			isa = PBXGroup;
			children = (
				7375B1D2276EB2DF00F87B78 /* Badge.swift */,
				7375B1D0276EB2DF00F87B78 /* BadgeBackground.swift */,
				7375B1D4276EB2DF00F87B78 /* BadgeSymbol.swift */,
				7375B1D5276EB2DF00F87B78 /* HexagonParameters.swift */,
				7375B1D3276EB2DF00F87B78 /* HikeBadge.swift */,
				7375B1D1276EB2DF00F87B78 /* RotatedBadgeSymbol.swift */,
			);
			path = Badges;
			sourceTree = "<group>";
		};
		7375B1DC276EB2F800F87B78 /* Helpers */ = {
			isa = PBXGroup;
			children = (
				7375B1DE276EB31700F87B78 /* CircleImage.swift */,
				7375B1DF276EB31800F87B78 /* FavoriteButton.swift */,
				7375B1DD276EB31700F87B78 /* MapView.swift */,
			);
			path = Helpers;
			sourceTree = "<group>";
		};
		7375B1E3276EB33500F87B78 /* Hikes */ = {
			isa = PBXGroup;
			children = (
				7375B1E7276EB35200F87B78 /* GraphCapsule.swift */,
				7375B1E5276EB35200F87B78 /* HikeDetail.swift */,
				7375B1E6276EB35200F87B78 /* HikeGraph.swift */,
				7375B1E4276EB35200F87B78 /* HikeView.swift */,
			);
			path = Hikes;
			sourceTree = "<group>";
		};
		7375B1ED276EB3AC00F87B78 /* Landmarks */ = {
			isa = PBXGroup;
			children = (
				7375B1EE276EB40300F87B78 /* LandmarkDetail.swift */,
				7375B1F0276EB40300F87B78 /* LandmarkList.swift */,
				7375B1EF276EB40300F87B78 /* LandmarkRow.swift */,
			);
			path = Landmarks;
			sourceTree = "<group>";
		};
		7375B1F4276EB46A00F87B78 /* Profiles */ = {
			isa = PBXGroup;
			children = (
				7375B1F5276EB71100F87B78 /* ProfileEditor.swift */,
				7375B1F6276EB71100F87B78 /* ProfileHost.swift */,
				7375B1F7276EB71100F87B78 /* ProfileSummary.swift */,
			);
			path = Profiles;
			sourceTree = "<group>";
		};
		737E02892764198D006E1C6C /* Views */ = {
			isa = PBXGroup;
			children = (
				7382727B27781582001ED26C /* Podcasts */,
				7375B1F4276EB46A00F87B78 /* Profiles */,
				7375B1ED276EB3AC00F87B78 /* Landmarks */,
				7375B1E3276EB33500F87B78 /* Hikes */,
				7375B1DC276EB2F800F87B78 /* Helpers */,
				7375B1CF276EB2BE00F87B78 /* Badges */,
				7375B1C6276EAAF500F87B78 /* Categories */,
				739DD91A276D193D00F1740E /* PageView */,
				73FCE7FF2757A0E400708A19 /* TabBar */,
				737E028A276419F6006E1C6C /* Gradients */,
				737E028F276428AA006E1C6C /* LandingView.swift */,
				73EF265E2768B24B00BAFED2 /* LandingImages.swift */,
				73586BC42767466B0035417D /* CurvedTabView.swift */,
				739DB50A276768BF00F1D939 /* ExtensionOnView.swift */,
				73EF26602768B32C00BAFED2 /* ExtensionOnImage.swift */,
				732F40A6276ACF0E00E2B0D8 /* VideoListView.swift */,
				73A303CF276B94D300855185 /* VideoDetailView.swift */,
				73B7E14B276D66410042F307 /* FeatureCard.swift */,
				7388727D276D78DF001CB8F6 /* PageView.swift */,
				7375B1C4276E897C00F87B78 /* PageControl.swift */,
				7348A4CC2770A3BD00F4C62B /* PodcastsView.swift */,
				7302DA3427716A5A00F6EF78 /* PodcastOverviewView.swift */,
				736E92D52773D8A4007B01A4 /* PodcastsNavigation.swift */,
				7388A4B42772068100E10966 /* ContainerView.swift */,
				735937F62775FACC00F6CCC0 /* RaisedButton.swift */,
				735937F82775FCB000F6CCC0 /* EmbossedButton.swift */,
				7381FD832778CCCB00C8C3A7 /* AboutUs.swift */,
				73666B42277BD672009198A6 /* TeamView.swift */,
				73218A7B277D21950024BD1A /* TeamViewDetailOverlay.swift */,
			);
			path = Views;
			sourceTree = "<group>";
		};
		737E028A276419F6006E1C6C /* Gradients */ = {
			isa = PBXGroup;
			children = (
				737E028D27641DAF006E1C6C /* MainGradientBackground.swift */,
				739DB50C2767813100F1D939 /* GeneralGradient.swift */,
			);
			path = Gradients;
			sourceTree = "<group>";
		};
		7382727B27781582001ED26C /* Podcasts */ = {
			isa = PBXGroup;
			children = (
				7382727C277815B6001ED26C /* PodcastDetail.swift */,
				7382727E27781B52001ED26C /* PodcastList.swift */,
				7382728027781CD7001ED26C /* PodcastRow.swift */,
			);
			path = Podcasts;
			sourceTree = "<group>";
		};
		7388727F276D7A9C001CB8F6 /* Resources */ = {
			isa = PBXGroup;
			children = (
				73E23DFD27780A7D00DEEDA4 /* podcastData.json */,
				73887284276D7AE9001CB8F6 /* hikeData.json */,
				73887285276D7AE9001CB8F6 /* landmarkData.json */,
			);
			path = Resources;
			sourceTree = "<group>";
		};
		739DD91A276D193D00F1740E /* PageView */ = {
			isa = PBXGroup;
			children = (
				739DD91B276D196E00F1740E /* PageViewController.swift */,
			);
			path = PageView;
			sourceTree = "<group>";
		};
		73FCE7FF2757A0E400708A19 /* TabBar */ = {
			isa = PBXGroup;
			children = (
				73FCE7FD2757A0D500708A19 /* CustomTabBarItem.swift */,
				731898E82776C9500073AC67 /* MainBottomTabBar.swift */,
			);
			path = TabBar;
			sourceTree = "<group>";
		};
/* End PBXGroup section */

/* Begin PBXNativeTarget section */
		7348D3B22756C29800EA5982 /* Disaster Environmental Management Trust */ = {
			isa = PBXNativeTarget;
			buildConfigurationList = 7348D3C12756C29900EA5982 /* Build configuration list for PBXNativeTarget "Disaster Environmental Management Trust" */;
			buildPhases = (
				7348D3AF2756C29800EA5982 /* Sources */,
				7348D3B02756C29800EA5982 /* Frameworks */,
				7348D3B12756C29800EA5982 /* Resources */,
			);
			buildRules = (
			);
			dependencies = (
			);
			name = "Disaster Environmental Management Trust";
			packageProductDependencies = (
				73EF26632768BEC900BAFED2 /* Liquid */,
				7381FD812778C92900C8C3A7 /* StepperView */,
			);
			productName = "Disaster Environmental Management Trust";
			productReference = 7348D3B32756C29800EA5982 /* Disaster Environmental Management Trust.app */;
			productType = "com.apple.product-type.application";
		};
/* End PBXNativeTarget section */

/* Begin PBXProject section */
		7348D3AB2756C29800EA5982 /* Project object */ = {
			isa = PBXProject;
			attributes = {
				BuildIndependentTargetsInParallel = 1;
				LastSwiftUpdateCheck = 1310;
				LastUpgradeCheck = 1310;
				TargetAttributes = {
					7348D3B22756C29800EA5982 = {
						CreatedOnToolsVersion = 13.1;
					};
				};
			};
			buildConfigurationList = 7348D3AE2756C29800EA5982 /* Build configuration list for PBXProject "Disaster Environmental Management Trust" */;
			compatibilityVersion = "Xcode 13.0";
			developmentRegion = en;
			hasScannedForEncodings = 0;
			knownRegions = (
				en,
				Base,
			);
			mainGroup = 7348D3AA2756C29800EA5982;
			packageReferences = (
				73EF26622768BEC900BAFED2 /* XCRemoteSwiftPackageReference "liquid" */,
				7381FD802778C92900C8C3A7 /* XCRemoteSwiftPackageReference "StepperView" */,
			);
			productRefGroup = 7348D3B42756C29800EA5982 /* Products */;
			projectDirPath = "";
			projectRoot = "";
			targets = (
				7348D3B22756C29800EA5982 /* Disaster Environmental Management Trust */,
			);
		};
/* End PBXProject section */

/* Begin PBXResourcesBuildPhase section */
		7348D3B12756C29800EA5982 /* Resources */ = {
			isa = PBXResourcesBuildPhase;
			buildActionMask = 2147483647;
			files = (
				7348D3BE2756C29900EA5982 /* Preview Assets.xcassets in Resources */,
				73887287276D7AE9001CB8F6 /* landmarkData.json in Resources */,
				73887286276D7AE9001CB8F6 /* hikeData.json in Resources */,
				73E23DFE27780A7D00DEEDA4 /* podcastData.json in Resources */,
				7348D3BB2756C29900EA5982 /* Assets.xcassets in Resources */,
			);
			runOnlyForDeploymentPostprocessing = 0;
		};
/* End PBXResourcesBuildPhase section */

/* Begin PBXSourcesBuildPhase section */
		7348D3AF2756C29800EA5982 /* Sources */ = {
			isa = PBXSourcesBuildPhase;
			buildActionMask = 2147483647;
			files = (
				7375B1DB276EB2DF00F87B78 /* HexagonParameters.swift in Sources */,
				7375B1F8276EB71200F87B78 /* ProfileEditor.swift in Sources */,
				7375B1EA276EB35200F87B78 /* HikeGraph.swift in Sources */,
				7381FD842778CCCB00C8C3A7 /* AboutUs.swift in Sources */,
				7375B1E1276EB31800F87B78 /* CircleImage.swift in Sources */,
				732F40A7276ACF0E00E2B0D8 /* VideoListView.swift in Sources */,
				739DD91C276D196E00F1740E /* PageViewController.swift in Sources */,
				7375B1E9276EB35200F87B78 /* HikeDetail.swift in Sources */,
				7382727D277815B6001ED26C /* PodcastDetail.swift in Sources */,
				7375B1FA276EB71200F87B78 /* ProfileSummary.swift in Sources */,
				7375B1F1276EB40300F87B78 /* LandmarkDetail.swift in Sources */,
				7348D3B92756C29800EA5982 /* ContentView.swift in Sources */,
				7375B1F9276EB71200F87B78 /* ProfileHost.swift in Sources */,
				7375B1E8276EB35200F87B78 /* HikeView.swift in Sources */,
				73EF265F2768B24B00BAFED2 /* LandingImages.swift in Sources */,
				7375B1EB276EB35200F87B78 /* GraphCapsule.swift in Sources */,
				7375B1CA276EAB1F00F87B78 /* CategoryHome.swift in Sources */,
				73EF26612768B32C00BAFED2 /* ExtensionOnImage.swift in Sources */,
				7375B1D9276EB2DF00F87B78 /* HikeBadge.swift in Sources */,
				735937F72775FACC00F6CCC0 /* RaisedButton.swift in Sources */,
				7375B1F2276EB40300F87B78 /* LandmarkRow.swift in Sources */,
				7375B1E2276EB31800F87B78 /* FavoriteButton.swift in Sources */,
				7375B1CB276EAB1F00F87B78 /* CategoryRow.swift in Sources */,
				7375B1D8276EB2DF00F87B78 /* Badge.swift in Sources */,
				7375B1E0276EB31800F87B78 /* MapView.swift in Sources */,
				7375B1F3276EB40300F87B78 /* LandmarkList.swift in Sources */,
				7388727E276D78DF001CB8F6 /* PageView.swift in Sources */,
				7375B1DA276EB2DF00F87B78 /* BadgeSymbol.swift in Sources */,
				737E0290276428AA006E1C6C /* LandingView.swift in Sources */,
				73218A7C277D21950024BD1A /* TeamViewDetailOverlay.swift in Sources */,
				7388A4B52772068100E10966 /* ContainerView.swift in Sources */,
				736E92D62773D8A4007B01A4 /* PodcastsNavigation.swift in Sources */,
				73B7E150276D68A20042F307 /* Hike.swift in Sources */,
				73666B43277BD672009198A6 /* TeamView.swift in Sources */,
				7375B1CC276EAB1F00F87B78 /* CategoryItem.swift in Sources */,
				731898E92776C9500073AC67 /* MainBottomTabBar.swift in Sources */,
				7375B1C5276E897C00F87B78 /* PageControl.swift in Sources */,
				7348A4CD2770A3BD00F4C62B /* PodcastsView.swift in Sources */,
				73FCE7FE2757A0D500708A19 /* CustomTabBarItem.swift in Sources */,
				7382727A277810B0001ED26C /* Podcast.swift in Sources */,
				73586BC52767466B0035417D /* CurvedTabView.swift in Sources */,
				739DB50D2767813100F1D939 /* GeneralGradient.swift in Sources */,
				730AB83A277A7809006C2BAC /* DemtOrgData.swift in Sources */,
				7382727F27781B52001ED26C /* PodcastList.swift in Sources */,
				732F40A5276AC97200E2B0D8 /* Video.swift in Sources */,
				73B7E14E276D67810042F307 /* ModelData.swift in Sources */,
				73A303D0276B94D300855185 /* VideoDetailView.swift in Sources */,
				7375B1D6276EB2DF00F87B78 /* BadgeBackground.swift in Sources */,
				737E028E27641DAF006E1C6C /* MainGradientBackground.swift in Sources */,
				7302DA3527716A5A00F6EF78 /* PodcastOverviewView.swift in Sources */,
				739DB50B276768BF00F1D939 /* ExtensionOnView.swift in Sources */,
				7348D3B72756C29800EA5982 /* Disaster_Environmental_Management_TrustApp.swift in Sources */,
				73B7E152276D68C90042F307 /* Profile.swift in Sources */,
				7375B1D7276EB2DF00F87B78 /* RotatedBadgeSymbol.swift in Sources */,
				73B7E14C276D66410042F307 /* FeatureCard.swift in Sources */,
				73B7E148276D5A1C0042F307 /* Landmark.swift in Sources */,
				735937F92775FCB000F6CCC0 /* EmbossedButton.swift in Sources */,
				7382728127781CD7001ED26C /* PodcastRow.swift in Sources */,
			);
			runOnlyForDeploymentPostprocessing = 0;
		};
/* End PBXSourcesBuildPhase section */

/* Begin XCBuildConfiguration section */
		7348D3BF2756C29900EA5982 /* Debug */ = {
			isa = XCBuildConfiguration;
			buildSettings = {
				ALWAYS_SEARCH_USER_PATHS = NO;
				CLANG_ANALYZER_NONNULL = YES;
				CLANG_ANALYZER_NUMBER_OBJECT_CONVERSION = YES_AGGRESSIVE;
				CLANG_CXX_LANGUAGE_STANDARD = "gnu++17";
				CLANG_CXX_LIBRARY = "libc++";
				CLANG_ENABLE_MODULES = YES;
				CLANG_ENABLE_OBJC_ARC = YES;
				CLANG_ENABLE_OBJC_WEAK = YES;
				CLANG_WARN_BLOCK_CAPTURE_AUTORELEASING = YES;
				CLANG_WARN_BOOL_CONVERSION = YES;
				CLANG_WARN_COMMA = YES;
				CLANG_WARN_CONSTANT_CONVERSION = YES;
				CLANG_WARN_DEPRECATED_OBJC_IMPLEMENTATIONS = YES;
				CLANG_WARN_DIRECT_OBJC_ISA_USAGE = YES_ERROR;
				CLANG_WARN_DOCUMENTATION_COMMENTS = YES;
				CLANG_WARN_EMPTY_BODY = YES;
				CLANG_WARN_ENUM_CONVERSION = YES;
				CLANG_WARN_INFINITE_RECURSION = YES;
				CLANG_WARN_INT_CONVERSION = YES;
				CLANG_WARN_NON_LITERAL_NULL_CONVERSION = YES;
				CLANG_WARN_OBJC_IMPLICIT_RETAIN_SELF = YES;
				CLANG_WARN_OBJC_LITERAL_CONVERSION = YES;
				CLANG_WARN_OBJC_ROOT_CLASS = YES_ERROR;
				CLANG_WARN_QUOTED_INCLUDE_IN_FRAMEWORK_HEADER = YES;
				CLANG_WARN_RANGE_LOOP_ANALYSIS = YES;
				CLANG_WARN_STRICT_PROTOTYPES = YES;
				CLANG_WARN_SUSPICIOUS_MOVE = YES;
				CLANG_WARN_UNGUARDED_AVAILABILITY = YES_AGGRESSIVE;
				CLANG_WARN_UNREACHABLE_CODE = YES;
				CLANG_WARN__DUPLICATE_METHOD_MATCH = YES;
				COPY_PHASE_STRIP = NO;
				DEBUG_INFORMATION_FORMAT = dwarf;
				ENABLE_STRICT_OBJC_MSGSEND = YES;
				ENABLE_TESTABILITY = YES;
				GCC_C_LANGUAGE_STANDARD = gnu11;
				GCC_DYNAMIC_NO_PIC = NO;
				GCC_NO_COMMON_BLOCKS = YES;
				GCC_OPTIMIZATION_LEVEL = 0;
				GCC_PREPROCESSOR_DEFINITIONS = (
					"DEBUG=1",
					"$(inherited)",
				);
				GCC_WARN_64_TO_32_BIT_CONVERSION = YES;
				GCC_WARN_ABOUT_RETURN_TYPE = YES_ERROR;
				GCC_WARN_UNDECLARED_SELECTOR = YES;
				GCC_WARN_UNINITIALIZED_AUTOS = YES_AGGRESSIVE;
				GCC_WARN_UNUSED_FUNCTION = YES;
				GCC_WARN_UNUSED_VARIABLE = YES;
				IPHONEOS_DEPLOYMENT_TARGET = 15.0;
				MTL_ENABLE_DEBUG_INFO = INCLUDE_SOURCE;
				MTL_FAST_MATH = YES;
				ONLY_ACTIVE_ARCH = YES;
				SDKROOT = iphoneos;
				SWIFT_ACTIVE_COMPILATION_CONDITIONS = DEBUG;
				SWIFT_OPTIMIZATION_LEVEL = "-Onone";
			};
			name = Debug;
		};
		7348D3C02756C29900EA5982 /* Release */ = {
			isa = XCBuildConfiguration;
			buildSettings = {
				ALWAYS_SEARCH_USER_PATHS = NO;
				CLANG_ANALYZER_NONNULL = YES;
				CLANG_ANALYZER_NUMBER_OBJECT_CONVERSION = YES_AGGRESSIVE;
				CLANG_CXX_LANGUAGE_STANDARD = "gnu++17";
				CLANG_CXX_LIBRARY = "libc++";
				CLANG_ENABLE_MODULES = YES;
				CLANG_ENABLE_OBJC_ARC = YES;
				CLANG_ENABLE_OBJC_WEAK = YES;
				CLANG_WARN_BLOCK_CAPTURE_AUTORELEASING = YES;
				CLANG_WARN_BOOL_CONVERSION = YES;
				CLANG_WARN_COMMA = YES;
				CLANG_WARN_CONSTANT_CONVERSION = YES;
				CLANG_WARN_DEPRECATED_OBJC_IMPLEMENTATIONS = YES;
				CLANG_WARN_DIRECT_OBJC_ISA_USAGE = YES_ERROR;
				CLANG_WARN_DOCUMENTATION_COMMENTS = YES;
				CLANG_WARN_EMPTY_BODY = YES;
				CLANG_WARN_ENUM_CONVERSION = YES;
				CLANG_WARN_INFINITE_RECURSION = YES;
				CLANG_WARN_INT_CONVERSION = YES;
				CLANG_WARN_NON_LITERAL_NULL_CONVERSION = YES;
				CLANG_WARN_OBJC_IMPLICIT_RETAIN_SELF = YES;
				CLANG_WARN_OBJC_LITERAL_CONVERSION = YES;
				CLANG_WARN_OBJC_ROOT_CLASS = YES_ERROR;
				CLANG_WARN_QUOTED_INCLUDE_IN_FRAMEWORK_HEADER = YES;
				CLANG_WARN_RANGE_LOOP_ANALYSIS = YES;
				CLANG_WARN_STRICT_PROTOTYPES = YES;
				CLANG_WARN_SUSPICIOUS_MOVE = YES;
				CLANG_WARN_UNGUARDED_AVAILABILITY = YES_AGGRESSIVE;
				CLANG_WARN_UNREACHABLE_CODE = YES;
				CLANG_WARN__DUPLICATE_METHOD_MATCH = YES;
				COPY_PHASE_STRIP = NO;
				DEBUG_INFORMATION_FORMAT = "dwarf-with-dsym";
				ENABLE_NS_ASSERTIONS = NO;
				ENABLE_STRICT_OBJC_MSGSEND = YES;
				GCC_C_LANGUAGE_STANDARD = gnu11;
				GCC_NO_COMMON_BLOCKS = YES;
				GCC_WARN_64_TO_32_BIT_CONVERSION = YES;
				GCC_WARN_ABOUT_RETURN_TYPE = YES_ERROR;
				GCC_WARN_UNDECLARED_SELECTOR = YES;
				GCC_WARN_UNINITIALIZED_AUTOS = YES_AGGRESSIVE;
				GCC_WARN_UNUSED_FUNCTION = YES;
				GCC_WARN_UNUSED_VARIABLE = YES;
				IPHONEOS_DEPLOYMENT_TARGET = 15.0;
				MTL_ENABLE_DEBUG_INFO = NO;
				MTL_FAST_MATH = YES;
				SDKROOT = iphoneos;
				SWIFT_COMPILATION_MODE = wholemodule;
				SWIFT_OPTIMIZATION_LEVEL = "-O";
				VALIDATE_PRODUCT = YES;
			};
			name = Release;
		};
		7348D3C22756C29900EA5982 /* Debug */ = {
			isa = XCBuildConfiguration;
			buildSettings = {
				ASSETCATALOG_COMPILER_APPICON_NAME = AppIcon;
				ASSETCATALOG_COMPILER_GLOBAL_ACCENT_COLOR_NAME = AccentColor;
				CODE_SIGN_STYLE = Automatic;
				CURRENT_PROJECT_VERSION = 1;
				DEVELOPMENT_ASSET_PATHS = "\"Disaster Environmental Management Trust/Preview Content\"";
				DEVELOPMENT_TEAM = ZD3ZX8KHC6;
				ENABLE_PREVIEWS = YES;
				GENERATE_INFOPLIST_FILE = YES;
				INFOPLIST_KEY_UIApplicationSceneManifest_Generation = YES;
				INFOPLIST_KEY_UIApplicationSupportsIndirectInputEvents = YES;
				INFOPLIST_KEY_UILaunchScreen_Generation = YES;
				INFOPLIST_KEY_UISupportedInterfaceOrientations_iPad = "UIInterfaceOrientationPortrait UIInterfaceOrientationPortraitUpsideDown UIInterfaceOrientationLandscapeLeft UIInterfaceOrientationLandscapeRight";
				INFOPLIST_KEY_UISupportedInterfaceOrientations_iPhone = "UIInterfaceOrientationPortrait UIInterfaceOrientationLandscapeLeft UIInterfaceOrientationLandscapeRight";
				LD_RUNPATH_SEARCH_PATHS = (
					"$(inherited)",
					"@executable_path/Frameworks",
				);
				MARKETING_VERSION = 1.0;
				PRODUCT_BUNDLE_IDENTIFIER = "supernovaonline.Disaster-Environmental-Management-Trust";
				PRODUCT_NAME = "$(TARGET_NAME)";
				SWIFT_EMIT_LOC_STRINGS = YES;
				SWIFT_VERSION = 5.0;
				TARGETED_DEVICE_FAMILY = "1,2";
			};
			name = Debug;
		};
		7348D3C32756C29900EA5982 /* Release */ = {
			isa = XCBuildConfiguration;
			buildSettings = {
				ASSETCATALOG_COMPILER_APPICON_NAME = AppIcon;
				ASSETCATALOG_COMPILER_GLOBAL_ACCENT_COLOR_NAME = AccentColor;
				CODE_SIGN_STYLE = Automatic;
				CURRENT_PROJECT_VERSION = 1;
				DEVELOPMENT_ASSET_PATHS = "\"Disaster Environmental Management Trust/Preview Content\"";
				DEVELOPMENT_TEAM = ZD3ZX8KHC6;
				ENABLE_PREVIEWS = YES;
				GENERATE_INFOPLIST_FILE = YES;
				INFOPLIST_KEY_UIApplicationSceneManifest_Generation = YES;
				INFOPLIST_KEY_UIApplicationSupportsIndirectInputEvents = YES;
				INFOPLIST_KEY_UILaunchScreen_Generation = YES;
				INFOPLIST_KEY_UISupportedInterfaceOrientations_iPad = "UIInterfaceOrientationPortrait UIInterfaceOrientationPortraitUpsideDown UIInterfaceOrientationLandscapeLeft UIInterfaceOrientationLandscapeRight";
				INFOPLIST_KEY_UISupportedInterfaceOrientations_iPhone = "UIInterfaceOrientationPortrait UIInterfaceOrientationLandscapeLeft UIInterfaceOrientationLandscapeRight";
				LD_RUNPATH_SEARCH_PATHS = (
					"$(inherited)",
					"@executable_path/Frameworks",
				);
				MARKETING_VERSION = 1.0;
				PRODUCT_BUNDLE_IDENTIFIER = "supernovaonline.Disaster-Environmental-Management-Trust";
				PRODUCT_NAME = "$(TARGET_NAME)";
				SWIFT_EMIT_LOC_STRINGS = YES;
				SWIFT_VERSION = 5.0;
				TARGETED_DEVICE_FAMILY = "1,2";
			};
			name = Release;
		};
/* End XCBuildConfiguration section */

/* Begin XCConfigurationList section */
		7348D3AE2756C29800EA5982 /* Build configuration list for PBXProject "Disaster Environmental Management Trust" */ = {
			isa = XCConfigurationList;
			buildConfigurations = (
				7348D3BF2756C29900EA5982 /* Debug */,
				7348D3C02756C29900EA5982 /* Release */,
			);
			defaultConfigurationIsVisible = 0;
			defaultConfigurationName = Release;
		};
		7348D3C12756C29900EA5982 /* Build configuration list for PBXNativeTarget "Disaster Environmental Management Trust" */ = {
			isa = XCConfigurationList;
			buildConfigurations = (
				7348D3C22756C29900EA5982 /* Debug */,
				7348D3C32756C29900EA5982 /* Release */,
			);
			defaultConfigurationIsVisible = 0;
			defaultConfigurationName = Release;
		};
/* End XCConfigurationList section */

/* Begin XCRemoteSwiftPackageReference section */
		7381FD802778C92900C8C3A7 /* XCRemoteSwiftPackageReference "StepperView" */ = {
			isa = XCRemoteSwiftPackageReference;
			repositoryURL = "https://github.com/badrinathvm/StepperView";
			requirement = {
				kind = upToNextMajorVersion;
				minimumVersion = 1.0.0;
			};
		};
		73EF26622768BEC900BAFED2 /* XCRemoteSwiftPackageReference "liquid" */ = {
			isa = XCRemoteSwiftPackageReference;
			repositoryURL = "https://github.com/maustinstar/liquid";
			requirement = {
				kind = upToNextMajorVersion;
				minimumVersion = 0.0.2;
			};
		};
/* End XCRemoteSwiftPackageReference section */

/* Begin XCSwiftPackageProductDependency section */
		7381FD812778C92900C8C3A7 /* StepperView */ = {
			isa = XCSwiftPackageProductDependency;
			package = 7381FD802778C92900C8C3A7 /* XCRemoteSwiftPackageReference "StepperView" */;
			productName = StepperView;
		};
		73EF26632768BEC900BAFED2 /* Liquid */ = {
			isa = XCSwiftPackageProductDependency;
			package = 73EF26622768BEC900BAFED2 /* XCRemoteSwiftPackageReference "liquid" */;
			productName = Liquid;
		};
/* End XCSwiftPackageProductDependency section */
	};
	rootObject = 7348D3AB2756C29800EA5982 /* Project object */;
}
